Microsoft Visual Studio Solution File, Format Version 12.00
# Visual Studio Version 17
VisualStudioVersion = 17.0.31903.59
MinimumVisualStudioVersion = 10.0.40219.1
Project("{FAE04EC0-301F-11D3-BF4B-00C04F79EFBC}") = "GhostSlacking.Core", "src\GhostSlacking.Core\GhostSlacking.Core.csproj", "{B1B33B36-95A3-4A3A-AC0A-90EBB4C7D601}"
EndProject
Project("{FAE04EC0-301F-11D3-BF4B-00C04F79EFBC}") = "GhostSlacking.Platform", "src\GhostSlacking.Platform\GhostSlacking.Platform.csproj", "{C8C0F81A-F4DD-47AA-9DE7-04E20D6E1FC8}"
EndProject
Project("{FAE04EC0-301F-11D3-BF4B-00C04F79EFBC}") = "GhostSlacking.App", "src\GhostSlacking.App\GhostSlacking.App.csproj", "{DAF0B8DC-0A73-40E4-A4B9-0C3EF69331CF}"
EndProject
Project("{FAE04EC0-301F-11D3-BF4B-00C04F79EFBC}") = "GhostSlacking.Core.Tests", "tests\GhostSlacking.Core.Tests\GhostSlacking.Core.Tests.csproj", "{E9DBD143-2B4A-428F-9C97-4FCB4A93D3B2}"
EndProject
Project("{FAE04EC0-301F-11D3-BF4B-00C04F79EFBC}") = "GhostSlacking.Watchdog", "src\GhostSlacking.Watchdog\GhostSlacking.Watchdog.csproj", "{D5F7B8F7-7C3D-4F8B-9621-78D2EA2A50BA}"
EndProject
Project("{FAE04EC0-301F-11D3-BF4B-00C04F79EFBC}") = "GhostSlacking.Updater", "src\GhostSlacking.Updater\GhostSlacking.Updater.csproj", "{F730519E-D6A2-4D4C-9343-99B5315BE6B7}"
EndProject
Project("{FAE04EC0-301F-11D3-BF4B-00C04F79EFBC}") = "GhostSlacking.App.Tests", "tests\GhostSlacking.App.Tests\GhostSlacking.App.Tests.csproj", "{7C0A3F3C-42B0-4B7D-ACD5-99C84B44AA70}"
EndProject
Global
	GlobalSection(SolutionConfigurationPlatforms) = preSolution
		Debug|Any CPU = Debug|Any CPU
		Release|Any CPU = Release|Any CPU
	EndGlobalSection
	GlobalSection(ProjectConfigurationPlatforms) = postSolution
		{B1B33B36-95A3-4A3A-AC0A-90EBB4C7D601}.Debug|Any CPU.ActiveCfg = Debug|Any CPU
		{B1B33B36-95A3-4A3A-AC0A-90EBB4C7D601}.Debug|Any CPU.Build.0 = Debug|Any CPU
		{B1B33B36-95A3-4A3A-AC0A-90EBB4C7D601}.Release|Any CPU.ActiveCfg = Release|Any CPU
		{B1B33B36-95A3-4A3A-AC0A-90EBB4C7D601}.Release|Any CPU.Build.0 = Release|Any CPU
		{C8C0F81A-F4DD-47AA-9DE7-04E20D6E1FC8}.Debug|Any CPU.ActiveCfg = Debug|Any CPU
		{C8C0F81A-F4DD-47AA-9DE7-04E20D6E1FC8}.Debug|Any CPU.Build.0 = Debug|Any CPU
		{C8C0F81A-F4DD-47AA-9DE7-04E20D6E1FC8}.Release|Any CPU.ActiveCfg = Release|Any CPU
		{C8C0F81A-F4DD-47AA-9DE7-04E20D6E1FC8}.Release|Any CPU.Build.0 = Release|Any CPU
		{DAF0B8DC-0A73-40E4-A4B9-0C3EF69331CF}.Debug|Any CPU.ActiveCfg = Debug|Any CPU
		{DAF0B8DC-0A73-40E4-A4B9-0C3EF69331CF}.Debug|Any CPU.Build.0 = Debug|Any CPU
		{DAF0B8DC-0A73-40E4-A4B9-0C3EF69331CF}.Release|Any CPU.ActiveCfg = Release|Any CPU
		{DAF0B8DC-0A73-40E4-A4B9-0C3EF69331CF}.Release|Any CPU.Build.0 = Release|Any CPU
		{E9DBD143-2B4A-428F-9C97-4FCB4A93D3B2}.Debug|Any CPU.ActiveCfg = Debug|Any CPU
		{E9DBD143-2B4A-428F-9C97-4FCB4A93D3B2}.Debug|Any CPU.Build.0 = Debug|Any CPU
		{E9DBD143-2B4A-428F-9C97-4FCB4A93D3B2}.Release|Any CPU.ActiveCfg = Release|Any CPU
		{E9DBD143-2B4A-428F-9C97-4FCB4A93D3B2}.Release|Any CPU.Build.0 = Release|Any CPU
		{D5F7B8F7-7C3D-4F8B-9621-78D2EA2A50BA}.Debug|Any CPU.ActiveCfg = Debug|Any CPU
		{D5F7B8F7-7C3D-4F8B-9621-78D2EA2A50BA}.Debug|Any CPU.Build.0 = Debug|Any CPU
		{D5F7B8F7-7C3D-4F8B-9621-78D2EA2A50BA}.Release|Any CPU.ActiveCfg = Release|Any CPU
		{D5F7B8F7-7C3D-4F8B-9621-78D2EA2A50BA}.Release|Any CPU.Build.0 = Release|Any CPU
		{F730519E-D6A2-4D4C-9343-99B5315BE6B7}.Debug|Any CPU.ActiveCfg = Debug|Any CPU
		{F730519E-D6A2-4D4C-9343-99B5315BE6B7}.Debug|Any CPU.Build.0 = Debug|Any CPU
		{F730519E-D6A2-4D4C-9343-99B5315BE6B7}.Release|Any CPU.ActiveCfg = Release|Any CPU
		{F730519E-D6A2-4D4C-9343-99B5315BE6B7}.Release|Any CPU.Build.0 = Release|Any CPU
		{7C0A3F3C-42B0-4B7D-ACD5-99C84B44AA70}.Debug|Any CPU.ActiveCfg = Debug|Any CPU
		{7C0A3F3C-42B0-4B7D-ACD5-99C84B44AA70}.Debug|Any CPU.Build.0 = Debug|Any CPU
		{7C0A3F3C-42B0-4B7D-ACD5-99C84B44AA70}.Release|Any CPU.ActiveCfg = Release|Any CPU
		{7C0A3F3C-42B0-4B7D-ACD5-99C84B44AA70}.Release|Any CPU.Build.0 = Release|Any CPU
	EndGlobalSection
EndGlobal
